
Microsoft Visual Studio Solution File, Format Version 12.00
# Visual Studio Version 17
VisualStudioVersion = 17.7.34018.315
MinimumVisualStudioVersion = 10.0.40219.1
Project("{9A19103F-16F7-4668-BE54-9A1E7A4F7556}") = "cliqx.cupom.api", "cliqx.cupom.api\cliqx.cupom.api.csproj", "{830E922C-CDDF-4058-8E4F-BE7F73D479E3}"
EndProject
Global
	GlobalSection(SolutionConfigurationPlatforms) = preSolution
		Debug|Any CPU = Debug|Any CPU
		Release|Any CPU = Release|Any CPU
	EndGlobalSection
	GlobalSection(ProjectConfigurationPlatforms) = postSolution
		{830E922C-CDDF-4058-8E4F-BE7F73D479E3}.Debug|Any CPU.ActiveCfg = Debug|Any CPU
		{830E922C-CDDF-4058-8E4F-BE7F73D479E3}.Debug|Any CPU.Build.0 = Debug|Any CPU
		{830E922C-CDDF-4058-8E4F-BE7F73D479E3}.Release|Any CPU.ActiveCfg = Release|Any CPU
		{830E922C-CDDF-4058-8E4F-BE7F73D479E3}.Release|Any CPU.Build.0 = Release|Any CPU
	EndGlobalSection
	GlobalSection(SolutionProperties) = preSolution
		HideSolutionNode = FALSE
	EndGlobalSection
	GlobalSection(ExtensibilityGlobals) = postSolution
		SolutionGuid = {BB32AF9F-AEDB-45BF-AC07-9E8D45160C79}
	EndGlobalSection
EndGlobal
